
Microsoft Visual Studio Solution File, Format Version 12.00
# Visual Studio Version 16
VisualStudioVersion = 16.0.31129.286
MinimumVisualStudioVersion = 10.0.40219.1
Project("{2150E333-8FDC-42A3-9474-1A3956D46DE8}") = "Services", "Services", "{37F15D8F-32F2-46BC-80D9-8E76A058B180}"
EndProject
Project("{2150E333-8FDC-42A3-9474-1A3956D46DE8}") = "Catalog", "Catalog", "{7BF71271-73C4-4B6F-9C2A-C56FEF867143}"
EndProject
Project("{9A19103F-16F7-4668-BE54-9A1E7A4F7556}") = "Catalog.API", "Services\Catalog\Catalog.API\Catalog.API.csproj", "{DAC287D8-F4E0-41DE-89AC-74113D5479A6}"
EndProject
Project("{E53339B2-1760-4266-BCC7-CA923CBCF16C}") = "docker-compose", "docker-compose.dcproj", "{09AA164D-51C0-4E47-AA68-2A107AC677D7}"
EndProject
Project("{2150E333-8FDC-42A3-9474-1A3956D46DE8}") = "Basket", "Basket", "{2C05E0AD-0CC4-41E8-9F1B-C374B29F9548}"
EndProject
Project("{9A19103F-16F7-4668-BE54-9A1E7A4F7556}") = "Basket.API", "Services\Basket\Basket.Api\Basket.API.csproj", "{779DEBAF-EADF-4596-9DBB-9059AD66366C}"
EndProject
Project("{2150E333-8FDC-42A3-9474-1A3956D46DE8}") = "Discount", "Discount", "{0B4E1721-71AE-4327-AE89-CD035D825316}"
EndProject
Project("{FAE04EC0-301F-11D3-BF4B-00C04F79EFBC}") = "Discount.API", "Services\Discount\Discount.API\Discount.API.csproj", "{B7743055-53C8-42CC-B5DE-9E7DF13CB075}"
EndProject
Global
	GlobalSection(SolutionConfigurationPlatforms) = preSolution
		Debug|Any CPU = Debug|Any CPU
		Release|Any CPU = Release|Any CPU
	EndGlobalSection
	GlobalSection(ProjectConfigurationPlatforms) = postSolution
		{DAC287D8-F4E0-41DE-89AC-74113D5479A6}.Debug|Any CPU.ActiveCfg = Debug|Any CPU
		{DAC287D8-F4E0-41DE-89AC-74113D5479A6}.Debug|Any CPU.Build.0 = Debug|Any CPU
		{DAC287D8-F4E0-41DE-89AC-74113D5479A6}.Release|Any CPU.ActiveCfg = Release|Any CPU
		{DAC287D8-F4E0-41DE-89AC-74113D5479A6}.Release|Any CPU.Build.0 = Release|Any CPU
		{09AA164D-51C0-4E47-AA68-2A107AC677D7}.Debug|Any CPU.ActiveCfg = Debug|Any CPU
		{09AA164D-51C0-4E47-AA68-2A107AC677D7}.Debug|Any CPU.Build.0 = Debug|Any CPU
		{09AA164D-51C0-4E47-AA68-2A107AC677D7}.Release|Any CPU.ActiveCfg = Release|Any CPU
		{09AA164D-51C0-4E47-AA68-2A107AC677D7}.Release|Any CPU.Build.0 = Release|Any CPU
		{779DEBAF-EADF-4596-9DBB-9059AD66366C}.Debug|Any CPU.ActiveCfg = Debug|Any CPU
		{779DEBAF-EADF-4596-9DBB-9059AD66366C}.Debug|Any CPU.Build.0 = Debug|Any CPU
		{779DEBAF-EADF-4596-9DBB-9059AD66366C}.Release|Any CPU.ActiveCfg = Release|Any CPU
		{779DEBAF-EADF-4596-9DBB-9059AD66366C}.Release|Any CPU.Build.0 = Release|Any CPU
		{B7743055-53C8-42CC-B5DE-9E7DF13CB075}.Debug|Any CPU.ActiveCfg = Debug|Any CPU
		{B7743055-53C8-42CC-B5DE-9E7DF13CB075}.Debug|Any CPU.Build.0 = Debug|Any CPU
		{B7743055-53C8-42CC-B5DE-9E7DF13CB075}.Release|Any CPU.ActiveCfg = Release|Any CPU
		{B7743055-53C8-42CC-B5DE-9E7DF13CB075}.Release|Any CPU.Build.0 = Release|Any CPU
	EndGlobalSection
	GlobalSection(SolutionProperties) = preSolution
		HideSolutionNode = FALSE
	EndGlobalSection
	GlobalSection(NestedProjects) = preSolution
		{7BF71271-73C4-4B6F-9C2A-C56FEF867143} = {37F15D8F-32F2-46BC-80D9-8E76A058B180}
		{DAC287D8-F4E0-41DE-89AC-74113D5479A6} = {7BF71271-73C4-4B6F-9C2A-C56FEF867143}
		{2C05E0AD-0CC4-41E8-9F1B-C374B29F9548} = {37F15D8F-32F2-46BC-80D9-8E76A058B180}
		{779DEBAF-EADF-4596-9DBB-9059AD66366C} = {2C05E0AD-0CC4-41E8-9F1B-C374B29F9548}
		{0B4E1721-71AE-4327-AE89-CD035D825316} = {37F15D8F-32F2-46BC-80D9-8E76A058B180}
		{B7743055-53C8-42CC-B5DE-9E7DF13CB075} = {0B4E1721-71AE-4327-AE89-CD035D825316}
	EndGlobalSection
	GlobalSection(ExtensibilityGlobals) = postSolution
		SolutionGuid = {DC5F714E-5BC5-4DD6-B524-51CEFC8D0408}
	EndGlobalSection
EndGlobal
